
Microsoft Visual Studio Solution File, Format Version 12.00
# Visual Studio Version 17
VisualStudioVersion = 17.0.32014.148
MinimumVisualStudioVersion = 10.0.40219.1
Project("{FAE04EC0-301F-11D3-BF4B-00C04F79EFBC}") = "HomeWork7", "HomeWork7.csproj", "{CBC793CD-50E0-4B95-A88A-1B962D1800DD}"
EndProject
Global
	GlobalSection(SolutionConfigurationPlatforms) = preSolution
		Debug|Any CPU = Debug|Any CPU
		Release|Any CPU = Release|Any CPU
	EndGlobalSection
	GlobalSection(ProjectConfigurationPlatforms) = postSolution
		{CBC793CD-50E0-4B95-A88A-1B962D1800DD}.Debug|Any CPU.ActiveCfg = Debug|Any CPU
		{CBC793CD-50E0-4B95-A88A-1B962D1800DD}.Debug|Any CPU.Build.0 = Debug|Any CPU
		{CBC793CD-50E0-4B95-A88A-1B962D1800DD}.Release|Any CPU.ActiveCfg = Release|Any CPU
		{CBC793CD-50E0-4B95-A88A-1B962D1800DD}.Release|Any CPU.Build.0 = Release|Any CPU
	EndGlobalSection
	GlobalSection(SolutionProperties) = preSolution
		HideSolutionNode = FALSE
	EndGlobalSection
	GlobalSection(ExtensibilityGlobals) = postSolution
		SolutionGuid = {596EE87F-18BA-46F7-85A8-C27D9316817F}
	EndGlobalSection
EndGlobal
